
Microsoft Visual Studio Solution File, Format Version 12.00
# Visual Studio Version 16
VisualStudioVersion = 16.0.29728.190
MinimumVisualStudioVersion = 10.0.40219.1
Project("{FAE04EC0-301F-11D3-BF4B-00C04F79EFBC}") = "RoastsCoffeeShopApp", "RoastsCoffeeShopApp\RoastsCoffeeShopApp.csproj", "{71EB3507-3D61-4DAB-A6C0-8CB64F005255}"
EndProject
Global
	GlobalSection(SolutionConfigurationPlatforms) = preSolution
		Debug|Any CPU = Debug|Any CPU
		Release|Any CPU = Release|Any CPU
	EndGlobalSection
	GlobalSection(ProjectConfigurationPlatforms) = postSolution
		{71EB3507-3D61-4DAB-A6C0-8CB64F005255}.Debug|Any CPU.ActiveCfg = Debug|Any CPU
		{71EB3507-3D61-4DAB-A6C0-8CB64F005255}.Debug|Any CPU.Build.0 = Debug|Any CPU
		{71EB3507-3D61-4DAB-A6C0-8CB64F005255}.Release|Any CPU.ActiveCfg = Release|Any CPU
		{71EB3507-3D61-4DAB-A6C0-8CB64F005255}.Release|Any CPU.Build.0 = Release|Any CPU
	EndGlobalSection
	GlobalSection(SolutionProperties) = preSolution
		HideSolutionNode = FALSE
	EndGlobalSection
	GlobalSection(ExtensibilityGlobals) = postSolution
		SolutionGuid = {3EA87C26-8634-44A9-B115-9F75CC0090D8}
	EndGlobalSection
EndGlobal
